{
  "name": "opencode-brains",
  "lockfileVersion": 3,
  "requires": true,
  "packages": {
    "": {
      "name": "opencode-brains",
      "dependencies": {
        "@opencode-ai/plugin": "^0.1.0",
        "zod": "^3.24.0"
      },
      "devDependencies": {
        "bun-types": "^1.1.0"
      }
    }
  }
}
